<?xml version="1.0" encoding="utf-8"?>
<Project ToolsVersion="4.0" xmlns="http://schemas.microsoft.com/developer/msbuild/2003">
  <ItemGroup>
    <Filter Include="Source Files">
      <UniqueIdentifier>{4FC737F1-C7A5-4376-A066-2A32D752A2FF}</UniqueIdentifier>
      <Extensions>cpp;c;cc;cxx;def;odl;idl;hpj;bat;asm;asmx</Extensions>
    </Filter>
    <Filter Include="Header Files">
      <UniqueIdentifier>{93995380-89BD-4b04-88EB-625FBE52EBFB}</UniqueIdentifier>
      <Extensions>h;hh;hpp;hxx;hm;inl;inc;ipp;xsd</Extensions>
    </Filter>
    <Filter Include="Resource Files">
      <UniqueIdentifier>{67DA6AB6-F800-4c08-8B7A-83BB121AAD01}</UniqueIdentifier>
      <Extensions>rc;ico;cur;bmp;dlg;rc2;rct;bin;rgs;gif;jpg;jpeg;jpe;resx;tiff;tif;png;wav;mfcribbon-ms</Extensions>
    </Filter>
    <Filter Include="Source Files\ExternalSources">
      <UniqueIdentifier>{ddb771bf-642e-4829-be27-b8fdc49456d5}</UniqueIdentifier>
    </Filter>
    <Filter Include="Header Files\ExternalHeaders">
      <UniqueIdentifier>{169e266f-f14e-4d71-811d-aaea94ccb92a}</UniqueIdentifier>
    </Filter>
  </ItemGroup>
  <ItemGroup>
    <ClCompile Include="main.cpp">
      <Filter>Source Files</Filter>
    </ClCompile>
    <ClCompile Include="ExternalSources\ALGLib-3.16.0\alglibinternal.cpp">
      <Filter>Source Files\ExternalSources</Filter>
    </ClCompile>
    <ClCompile Include="ExternalSources\ALGLib-3.16.0\alglibmisc.cpp">
      <Filter>Source Files\ExternalSources</Filter>
    </ClCompile>
    <ClCompile Include="ExternalSources\ALGLib-3.16.0\ap.cpp">
      <Filter>Source Files\ExternalSources</Filter>
    </ClCompile>
    <ClCompile Include="ExternalSources\ALGLib-3.16.0\dataanalysis.cpp">
      <Filter>Source Files\ExternalSources</Filter>
    </ClCompile>
    <ClCompile Include="ExternalSources\ALGLib-3.16.0\diffequations.cpp">
      <Filter>Source Files\ExternalSources</Filter>
    </ClCompile>
    <ClCompile Include="ExternalSources\ALGLib-3.16.0\fasttransforms.cpp">
      <Filter>Source Files\ExternalSources</Filter>
    </ClCompile>
    <ClCompile Include="ExternalSources\ALGLib-3.16.0\integration.cpp">
      <Filter>Source Files\ExternalSources</Filter>
    </ClCompile>
    <ClCompile Include="ExternalSources\ALGLib-3.16.0\interpolation.cpp">
      <Filter>Source Files\ExternalSources</Filter>
    </ClCompile>
    <ClCompile Include="ExternalSources\ALGLib-3.16.0\linalg.cpp">
      <Filter>Source Files\ExternalSources</Filter>
    </ClCompile>
    <ClCompile Include="ExternalSources\ALGLib-3.16.0\optimization.cpp">
      <Filter>Source Files\ExternalSources</Filter>
    </ClCompile>
    <ClCompile Include="ExternalSources\ALGLib-3.16.0\solvers.cpp">
      <Filter>Source Files\ExternalSources</Filter>
    </ClCompile>
    <ClCompile Include="ExternalSources\ALGLib-3.16.0\specialfunctions.cpp">
      <Filter>Source Files\ExternalSources</Filter>
    </ClCompile>
    <ClCompile Include="ExternalSources\ALGLib-3.16.0\statistics.cpp">
      <Filter>Source Files\ExternalSources</Filter>
    </ClCompile>
  </ItemGroup>
  <ItemGroup>
    <ClInclude Include="ExternalSources\ALGLib-3.16.0\alglibinternal.h">
      <Filter>Header Files\ExternalHeaders</Filter>
    </ClInclude>
    <ClInclude Include="ExternalSources\ALGLib-3.16.0\alglibmisc.h">
      <Filter>Header Files\ExternalHeaders</Filter>
    </ClInclude>
    <ClInclude Include="ExternalSources\ALGLib-3.16.0\ap.h">
      <Filter>Header Files\ExternalHeaders</Filter>
    </ClInclude>
    <ClInclude Include="ExternalSources\ALGLib-3.16.0\dataanalysis.h">
      <Filter>Header Files\ExternalHeaders</Filter>
    </ClInclude>
    <ClInclude Include="ExternalSources\ALGLib-3.16.0\diffequations.h">
      <Filter>Header Files\ExternalHeaders</Filter>
    </ClInclude>
    <ClInclude Include="ExternalSources\ALGLib-3.16.0\fasttransforms.h">
      <Filter>Header Files\ExternalHeaders</Filter>
    </ClInclude>
    <ClInclude Include="ExternalSources\ALGLib-3.16.0\integration.h">
      <Filter>Header Files\ExternalHeaders</Filter>
    </ClInclude>
    <ClInclude Include="ExternalSources\ALGLib-3.16.0\interpolation.h">
      <Filter>Header Files\ExternalHeaders</Filter>
    </ClInclude>
    <ClInclude Include="ExternalSources\ALGLib-3.16.0\linalg.h">
      <Filter>Header Files\ExternalHeaders</Filter>
    </ClInclude>
    <ClInclude Include="ExternalSources\ALGLib-3.16.0\optimization.h">
      <Filter>Header Files\ExternalHeaders</Filter>
    </ClInclude>
    <ClInclude Include="ExternalSources\ALGLib-3.16.0\solvers.h">
      <Filter>Header Files\ExternalHeaders</Filter>
    </ClInclude>
    <ClInclude Include="ExternalSources\ALGLib-3.16.0\specialfunctions.h">
      <Filter>Header Files\ExternalHeaders</Filter>
    </ClInclude>
    <ClInclude Include="ExternalSources\ALGLib-3.16.0\statistics.h">
      <Filter>Header Files\ExternalHeaders</Filter>
    </ClInclude>
    <ClInclude Include="ExternalSources\ALGLib-3.16.0\stdafx.h">
      <Filter>Header Files\ExternalHeaders</Filter>
    </ClInclude>
  </ItemGroup>
</Project>