<?xml version="1.0" encoding="utf-8"?>
<Project ToolsVersion="4.0" xmlns="http://schemas.microsoft.com/developer/msbuild/2003">
  <ItemGroup>
    <Filter Include="Source Files">
      <UniqueIdentifier>{4FC737F1-C7A5-4376-A066-2A32D752A2FF}</UniqueIdentifier>
      <Extensions>cpp;c;cc;cxx;def;odl;idl;hpj;bat;asm;asmx</Extensions>
    </Filter>
    <Filter Include="Header Files">
      <UniqueIdentifier>{93995380-89BD-4b04-88EB-625FBE52EBFB}</UniqueIdentifier>
      <Extensions>h;hh;hpp;hxx;hm;inl;inc;ipp;xsd</Extensions>
    </Filter>
    <Filter Include="Resource Files">
      <UniqueIdentifier>{67DA6AB6-F800-4c08-8B7A-83BB121AAD01}</UniqueIdentifier>
      <Extensions>rc;ico;cur;bmp;dlg;rc2;rct;bin;rgs;gif;jpg;jpeg;jpe;resx;tiff;tif;png;wav;mfcribbon-ms</Extensions>
    </Filter>
    <Filter Include="Source Files\ExternalSources">
      <UniqueIdentifier>{4e1ebf57-350d-4251-afd7-b08e3b7cf5af}</UniqueIdentifier>
    </Filter>
    <Filter Include="Source Files\MainGameSource">
      <UniqueIdentifier>{539bc669-2bc5-44c3-a803-b15b8a89738c}</UniqueIdentifier>
    </Filter>
    <Filter Include="Header Files\MainGameHeaders">
      <UniqueIdentifier>{874531dd-7553-4d26-9887-82b8b166efdf}</UniqueIdentifier>
    </Filter>
    <Filter Include="Source Files\ExternalSources\ALGLib-3.16.0">
      <UniqueIdentifier>{7b2e7e4c-2240-4856-b32d-8378111f1d00}</UniqueIdentifier>
    </Filter>
    <Filter Include="Header Files\ExternalHeaders">
      <UniqueIdentifier>{ce4120af-4408-4e59-800b-b7ac7a121223}</UniqueIdentifier>
    </Filter>
  </ItemGroup>
  <ItemGroup>
    <ClCompile Include="main.cpp">
      <Filter>Source Files</Filter>
    </ClCompile>
    <ClCompile Include="ReinforcementLearning.cpp">
      <Filter>Source Files</Filter>
    </ClCompile>
    <ClCompile Include="PlayerSnake.cpp">
      <Filter>Source Files\MainGameSource</Filter>
    </ClCompile>
    <ClCompile Include="MainMenu.cpp">
      <Filter>Source Files\MainGameSource</Filter>
    </ClCompile>
    <ClCompile Include="GameManager.cpp">
      <Filter>Source Files\MainGameSource</Filter>
    </ClCompile>
    <ClCompile Include="GameWorld.cpp">
      <Filter>Source Files\MainGameSource</Filter>
    </ClCompile>
    <ClCompile Include="Food.cpp">
      <Filter>Source Files\MainGameSource</Filter>
    </ClCompile>
    <ClCompile Include="AISnake.cpp">
      <Filter>Source Files\MainGameSource</Filter>
    </ClCompile>
    <ClCompile Include="BaseSnakeClass.cpp">
      <Filter>Source Files\MainGameSource</Filter>
    </ClCompile>
    <ClCompile Include="Button.cpp">
      <Filter>Source Files\MainGameSource</Filter>
    </ClCompile>
    <ClCompile Include="..\..\alglib-3.16.0\src\alglibinternal.cpp">
      <Filter>Source Files\ExternalSources\ALGLib-3.16.0</Filter>
    </ClCompile>
    <ClCompile Include="..\..\alglib-3.16.0\src\alglibmisc.cpp">
      <Filter>Source Files\ExternalSources\ALGLib-3.16.0</Filter>
    </ClCompile>
    <ClCompile Include="..\..\alglib-3.16.0\src\ap.cpp">
      <Filter>Source Files\ExternalSources\ALGLib-3.16.0</Filter>
    </ClCompile>
    <ClCompile Include="..\..\alglib-3.16.0\src\dataanalysis.cpp">
      <Filter>Source Files\ExternalSources\ALGLib-3.16.0</Filter>
    </ClCompile>
    <ClCompile Include="..\..\alglib-3.16.0\src\diffequations.cpp">
      <Filter>Source Files\ExternalSources\ALGLib-3.16.0</Filter>
    </ClCompile>
    <ClCompile Include="..\..\alglib-3.16.0\src\fasttransforms.cpp">
      <Filter>Source Files\ExternalSources\ALGLib-3.16.0</Filter>
    </ClCompile>
    <ClCompile Include="..\..\alglib-3.16.0\src\integration.cpp">
      <Filter>Source Files\ExternalSources\ALGLib-3.16.0</Filter>
    </ClCompile>
    <ClCompile Include="..\..\alglib-3.16.0\src\interpolation.cpp">
      <Filter>Source Files\ExternalSources\ALGLib-3.16.0</Filter>
    </ClCompile>
    <ClCompile Include="..\..\alglib-3.16.0\src\linalg.cpp">
      <Filter>Source Files\ExternalSources\ALGLib-3.16.0</Filter>
    </ClCompile>
    <ClCompile Include="..\..\alglib-3.16.0\src\optimization.cpp">
      <Filter>Source Files\ExternalSources\ALGLib-3.16.0</Filter>
    </ClCompile>
    <ClCompile Include="..\..\alglib-3.16.0\src\solvers.cpp">
      <Filter>Source Files\ExternalSources\ALGLib-3.16.0</Filter>
    </ClCompile>
    <ClCompile Include="..\..\alglib-3.16.0\src\specialfunctions.cpp">
      <Filter>Source Files\ExternalSources\ALGLib-3.16.0</Filter>
    </ClCompile>
    <ClCompile Include="..\..\alglib-3.16.0\src\statistics.cpp">
      <Filter>Source Files\ExternalSources\ALGLib-3.16.0</Filter>
    </ClCompile>
  </ItemGroup>
  <ItemGroup>
    <ClInclude Include="ReinforcementLearning.h">
      <Filter>Header Files</Filter>
    </ClInclude>
    <ClInclude Include="AISnake.h">
      <Filter>Header Files\MainGameHeaders</Filter>
    </ClInclude>
    <ClInclude Include="BaseSnakeClass.h">
      <Filter>Header Files\MainGameHeaders</Filter>
    </ClInclude>
    <ClInclude Include="Button.h">
      <Filter>Header Files\MainGameHeaders</Filter>
    </ClInclude>
    <ClInclude Include="Food.h">
      <Filter>Header Files\MainGameHeaders</Filter>
    </ClInclude>
    <ClInclude Include="GameManager.h">
      <Filter>Header Files\MainGameHeaders</Filter>
    </ClInclude>
    <ClInclude Include="GameWorld.h">
      <Filter>Header Files\MainGameHeaders</Filter>
    </ClInclude>
    <ClInclude Include="MainMenu.h">
      <Filter>Header Files\MainGameHeaders</Filter>
    </ClInclude>
    <ClInclude Include="PlayerSnake.h">
      <Filter>Header Files\MainGameHeaders</Filter>
    </ClInclude>
    <ClInclude Include="..\..\alglib-3.16.0\src\alglibinternal.h">
      <Filter>Header Files\ExternalHeaders</Filter>
    </ClInclude>
    <ClInclude Include="..\..\alglib-3.16.0\src\alglibmisc.h">
      <Filter>Header Files\ExternalHeaders</Filter>
    </ClInclude>
    <ClInclude Include="..\..\alglib-3.16.0\src\ap.h">
      <Filter>Header Files\ExternalHeaders</Filter>
    </ClInclude>
    <ClInclude Include="..\..\alglib-3.16.0\src\dataanalysis.h">
      <Filter>Header Files\ExternalHeaders</Filter>
    </ClInclude>
    <ClInclude Include="..\..\alglib-3.16.0\src\diffequations.h">
      <Filter>Header Files\ExternalHeaders</Filter>
    </ClInclude>
    <ClInclude Include="..\..\alglib-3.16.0\src\fasttransforms.h">
      <Filter>Header Files\ExternalHeaders</Filter>
    </ClInclude>
    <ClInclude Include="..\..\alglib-3.16.0\src\integration.h">
      <Filter>Header Files\ExternalHeaders</Filter>
    </ClInclude>
    <ClInclude Include="..\..\alglib-3.16.0\src\interpolation.h">
      <Filter>Header Files\ExternalHeaders</Filter>
    </ClInclude>
    <ClInclude Include="..\..\alglib-3.16.0\src\linalg.h">
      <Filter>Header Files\ExternalHeaders</Filter>
    </ClInclude>
    <ClInclude Include="..\..\alglib-3.16.0\src\optimization.h">
      <Filter>Header Files\ExternalHeaders</Filter>
    </ClInclude>
    <ClInclude Include="..\..\alglib-3.16.0\src\solvers.h">
      <Filter>Header Files\ExternalHeaders</Filter>
    </ClInclude>
    <ClInclude Include="..\..\alglib-3.16.0\src\specialfunctions.h">
      <Filter>Header Files\ExternalHeaders</Filter>
    </ClInclude>
    <ClInclude Include="..\..\alglib-3.16.0\src\statistics.h">
      <Filter>Header Files\ExternalHeaders</Filter>
    </ClInclude>
    <ClInclude Include="..\..\alglib-3.16.0\src\stdafx.h">
      <Filter>Header Files\ExternalHeaders</Filter>
    </ClInclude>
  </ItemGroup>
</Project>